
Microsoft Visual Studio Solution File, Format Version 12.00
# Visual Studio Version 17
VisualStudioVersion = 17.0.32112.339
MinimumVisualStudioVersion = 10.0.40219.1
Project("{FAE04EC0-301F-11D3-BF4B-00C04F79EFBC}") = "Fox8+ - Csharp", "Fox8+ - Csharp.csproj", "{EDEA329E-2794-489C-8474-6E6D15DB0774}"
EndProject
Global
	GlobalSection(SolutionConfigurationPlatforms) = preSolution
		Debug|Any CPU = Debug|Any CPU
		Release|Any CPU = Release|Any CPU
	EndGlobalSection
	GlobalSection(ProjectConfigurationPlatforms) = postSolution
		{EDEA329E-2794-489C-8474-6E6D15DB0774}.Debug|Any CPU.ActiveCfg = Debug|Any CPU
		{EDEA329E-2794-489C-8474-6E6D15DB0774}.Debug|Any CPU.Build.0 = Debug|Any CPU
		{EDEA329E-2794-489C-8474-6E6D15DB0774}.Release|Any CPU.ActiveCfg = Release|Any CPU
		{EDEA329E-2794-489C-8474-6E6D15DB0774}.Release|Any CPU.Build.0 = Release|Any CPU
	EndGlobalSection
	GlobalSection(SolutionProperties) = preSolution
		HideSolutionNode = FALSE
	EndGlobalSection
	GlobalSection(ExtensibilityGlobals) = postSolution
		SolutionGuid = {E04ED485-4306-4DEB-B22E-2C95F7538F27}
	EndGlobalSection
EndGlobal
